
Microsoft Visual Studio Solution File, Format Version 12.00
# Visual Studio 14
VisualStudioVersion = 14.0.25420.1
MinimumVisualStudioVersion = 10.0.40219.1
Project("{FAE04EC0-301F-11D3-BF4B-00C04F79EFBC}") = "1", "1\1.csproj", "{5EFAA0CA-7ADA-40E4-AB17-F7A3A12664E1}"
EndProject
Project("{FAE04EC0-301F-11D3-BF4B-00C04F79EFBC}") = "383", "..\383\383.csproj", "{CE7C8763-E617-4C92-AFFF-BBB73C193166}"
EndProject
Project("{FAE04EC0-301F-11D3-BF4B-00C04F79EFBC}") = "7", "..\7\7\7.csproj", "{33752A3E-7D92-4215-A7BD-B1E00E69778E}"
EndProject
Global
	GlobalSection(SolutionConfigurationPlatforms) = preSolution
		Debug|Any CPU = Debug|Any CPU
		Release|Any CPU = Release|Any CPU
	EndGlobalSection
	GlobalSection(ProjectConfigurationPlatforms) = postSolution
		{5EFAA0CA-7ADA-40E4-AB17-F7A3A12664E1}.Debug|Any CPU.ActiveCfg = Debug|Any CPU
		{5EFAA0CA-7ADA-40E4-AB17-F7A3A12664E1}.Debug|Any CPU.Build.0 = Debug|Any CPU
		{5EFAA0CA-7ADA-40E4-AB17-F7A3A12664E1}.Release|Any CPU.ActiveCfg = Release|Any CPU
		{5EFAA0CA-7ADA-40E4-AB17-F7A3A12664E1}.Release|Any CPU.Build.0 = Release|Any CPU
		{CE7C8763-E617-4C92-AFFF-BBB73C193166}.Debug|Any CPU.ActiveCfg = Debug|Any CPU
		{CE7C8763-E617-4C92-AFFF-BBB73C193166}.Debug|Any CPU.Build.0 = Debug|Any CPU
		{CE7C8763-E617-4C92-AFFF-BBB73C193166}.Release|Any CPU.ActiveCfg = Release|Any CPU
		{CE7C8763-E617-4C92-AFFF-BBB73C193166}.Release|Any CPU.Build.0 = Release|Any CPU
		{33752A3E-7D92-4215-A7BD-B1E00E69778E}.Debug|Any CPU.ActiveCfg = Debug|Any CPU
		{33752A3E-7D92-4215-A7BD-B1E00E69778E}.Debug|Any CPU.Build.0 = Debug|Any CPU
		{33752A3E-7D92-4215-A7BD-B1E00E69778E}.Release|Any CPU.ActiveCfg = Release|Any CPU
		{33752A3E-7D92-4215-A7BD-B1E00E69778E}.Release|Any CPU.Build.0 = Release|Any CPU
	EndGlobalSection
	GlobalSection(SolutionProperties) = preSolution
		HideSolutionNode = FALSE
	EndGlobalSection
EndGlobal
